{
  "name": "infrix-extension",
  "version": "0.1.0",
  "lockfileVersion": 3,
  "requires": true,
  "packages": {
    "": {
      "name": "infrix-extension",
      "version": "0.1.0",
      "license": "MIT",
      "devDependencies": {
        "@infrix/cinema-core": "^0.1.0"
      },
      "engines": {
        "node": ">=20.0.0"
      }
    },
    "node_modules/@infrix/cinema-core": {
      "version": "0.1.1",
      "resolved": "https://registry.npmjs.org/@infrix/cinema-core/-/cinema-core-0.1.1.tgz",
      "integrity": "sha512-8ZWJGjAlV0XNsmHpGutb71p0Ji8rVADbYea7IiH57J+JhEjaxf2Xk58UQKVDUDS+HKM6sUjFS4V++ELPcfbzQA==",
      "dev": true
    }
  }
}
